// !$*UTF8*$!
{
	archiveVersion = 1;
	classes = {
	};
	objectVersion = 56;
	objects = {

/* Begin PBXBuildFile section */
		4106C9182A3CDC6A00FD6429 /* CustomTextField.swift in Sources */ = {isa = PBXBuildFile; fileRef = 4106C9172A3CDC6A00FD6429 /* CustomTextField.swift */; };
		4106C91A2A3CDEF700FD6429 /* SeparatorView.swift in Sources */ = {isa = PBXBuildFile; fileRef = 4106C9192A3CDEF700FD6429 /* SeparatorView.swift */; };
		4106C9232A3DE78A00FD6429 /* SignUpView.swift in Sources */ = {isa = PBXBuildFile; fileRef = 4106C9222A3DE78A00FD6429 /* SignUpView.swift */; };
		4106C92B2A3DE7C700FD6429 /* Login.swift in Sources */ = {isa = PBXBuildFile; fileRef = 4106C92A2A3DE7C700FD6429 /* Login.swift */; };
		4106C92D2A3DE7DD00FD6429 /* LoginViewModel.swift in Sources */ = {isa = PBXBuildFile; fileRef = 4106C92C2A3DE7DD00FD6429 /* LoginViewModel.swift */; };
		4106C9352A3DED7D00FD6429 /* HomeViewModel.swift in Sources */ = {isa = PBXBuildFile; fileRef = 4106C9342A3DED7D00FD6429 /* HomeViewModel.swift */; };
		4106C9392A3DED9900FD6429 /* Home.swift in Sources */ = {isa = PBXBuildFile; fileRef = 4106C9382A3DED9900FD6429 /* Home.swift */; };
		4106C93B2A3DEDAA00FD6429 /* HomeView.swift in Sources */ = {isa = PBXBuildFile; fileRef = 4106C93A2A3DEDAA00FD6429 /* HomeView.swift */; };
		4106C93D2A3DEE0800FD6429 /* LoginView.swift in Sources */ = {isa = PBXBuildFile; fileRef = 4106C93C2A3DEE0800FD6429 /* LoginView.swift */; };
		4106C93F2A3E2B3400FD6429 /* Constant.swift in Sources */ = {isa = PBXBuildFile; fileRef = 4106C93E2A3E2B3400FD6429 /* Constant.swift */; };
		4106C9412A3E41B800FD6429 /* ButtonView.swift in Sources */ = {isa = PBXBuildFile; fileRef = 4106C9402A3E41B800FD6429 /* ButtonView.swift */; };
		4106C9442A3E470A00FD6429 /* LoginDataService.swift in Sources */ = {isa = PBXBuildFile; fileRef = 4106C9432A3E470A00FD6429 /* LoginDataService.swift */; };
		4106C9472A3E57AE00FD6429 /* SignUpViewModel.swift in Sources */ = {isa = PBXBuildFile; fileRef = 4106C9462A3E57AE00FD6429 /* SignUpViewModel.swift */; };
		4106C9492A3EDCEC00FD6429 /* NoDataFoundView.swift in Sources */ = {isa = PBXBuildFile; fileRef = 4106C9482A3EDCEC00FD6429 /* NoDataFoundView.swift */; };
		4106C94C2A3F074100FD6429 /* SignUpDataService.swift in Sources */ = {isa = PBXBuildFile; fileRef = 4106C94B2A3F074100FD6429 /* SignUpDataService.swift */; };
		4106C94E2A3F07FC00FD6429 /* Signup.swift in Sources */ = {isa = PBXBuildFile; fileRef = 4106C94D2A3F07FC00FD6429 /* Signup.swift */; };
		4106C9512A3F157E00FD6429 /* HomeDataService.swift in Sources */ = {isa = PBXBuildFile; fileRef = 4106C9502A3F157E00FD6429 /* HomeDataService.swift */; };
		4106C9532A3F20D200FD6429 /* FirstAppear.swift in Sources */ = {isa = PBXBuildFile; fileRef = 4106C9522A3F20D200FD6429 /* FirstAppear.swift */; };
		4106C9552A3F29B800FD6429 /* UserView.swift in Sources */ = {isa = PBXBuildFile; fileRef = 4106C9542A3F29B800FD6429 /* UserView.swift */; };
		41D2D83A2A3A41CE001EE8E1 /* SetupApp.swift in Sources */ = {isa = PBXBuildFile; fileRef = 41D2D8392A3A41CE001EE8E1 /* SetupApp.swift */; };
		41D2D83C2A3A41CE001EE8E1 /* ContentView.swift in Sources */ = {isa = PBXBuildFile; fileRef = 41D2D83B2A3A41CE001EE8E1 /* ContentView.swift */; };
		41D2D83E2A3A41CF001EE8E1 /* Assets.xcassets in Resources */ = {isa = PBXBuildFile; fileRef = 41D2D83D2A3A41CF001EE8E1 /* Assets.xcassets */; };
		41D2D8412A3A41CF001EE8E1 /* Preview Assets.xcassets in Resources */ = {isa = PBXBuildFile; fileRef = 41D2D8402A3A41CF001EE8E1 /* Preview Assets.xcassets */; };
		41D2D84B2A3A41CF001EE8E1 /* SetupTests.swift in Sources */ = {isa = PBXBuildFile; fileRef = 41D2D84A2A3A41CF001EE8E1 /* SetupTests.swift */; };
		41D2D8552A3A41CF001EE8E1 /* SetupUITests.swift in Sources */ = {isa = PBXBuildFile; fileRef = 41D2D8542A3A41CF001EE8E1 /* SetupUITests.swift */; };
		41D2D8572A3A41CF001EE8E1 /* SetupUITestsLaunchTests.swift in Sources */ = {isa = PBXBuildFile; fileRef = 41D2D8562A3A41CF001EE8E1 /* SetupUITestsLaunchTests.swift */; };
		41D2D8652A3A4279001EE8E1 /* NetworkingManager.swift in Sources */ = {isa = PBXBuildFile; fileRef = 41D2D8642A3A4279001EE8E1 /* NetworkingManager.swift */; };
		41D2D8672A3A4294001EE8E1 /* EndPoint.swift in Sources */ = {isa = PBXBuildFile; fileRef = 41D2D8662A3A4294001EE8E1 /* EndPoint.swift */; };
		41D2D8692A3A42B1001EE8E1 /* MultipartFormDataRequest.swift in Sources */ = {isa = PBXBuildFile; fileRef = 41D2D8682A3A42B1001EE8E1 /* MultipartFormDataRequest.swift */; };
		41D2D86B2A3A42F8001EE8E1 /* UserObject.swift in Sources */ = {isa = PBXBuildFile; fileRef = 41D2D86A2A3A42F8001EE8E1 /* UserObject.swift */; };
		41D2D87A2A3A43F5001EE8E1 /* Roboto-Medium.ttf in Resources */ = {isa = PBXBuildFile; fileRef = 41D2D86E2A3A43F5001EE8E1 /* Roboto-Medium.ttf */; };
		41D2D87B2A3A43F5001EE8E1 /* Roboto-Light.ttf in Resources */ = {isa = PBXBuildFile; fileRef = 41D2D86F2A3A43F5001EE8E1 /* Roboto-Light.ttf */; };
		41D2D87C2A3A43F5001EE8E1 /* Roboto-Regular.ttf in Resources */ = {isa = PBXBuildFile; fileRef = 41D2D8702A3A43F5001EE8E1 /* Roboto-Regular.ttf */; };
		41D2D87D2A3A43F5001EE8E1 /* Roboto-MediumItalic.ttf in Resources */ = {isa = PBXBuildFile; fileRef = 41D2D8712A3A43F5001EE8E1 /* Roboto-MediumItalic.ttf */; };
		41D2D87E2A3A43F5001EE8E1 /* Roboto-ThinItalic.ttf in Resources */ = {isa = PBXBuildFile; fileRef = 41D2D8722A3A43F5001EE8E1 /* Roboto-ThinItalic.ttf */; };
		41D2D87F2A3A43F5001EE8E1 /* Roboto-BoldItalic.ttf in Resources */ = {isa = PBXBuildFile; fileRef = 41D2D8732A3A43F5001EE8E1 /* Roboto-BoldItalic.ttf */; };
		41D2D8802A3A43F5001EE8E1 /* Roboto-LightItalic.ttf in Resources */ = {isa = PBXBuildFile; fileRef = 41D2D8742A3A43F5001EE8E1 /* Roboto-LightItalic.ttf */; };
		41D2D8812A3A43F5001EE8E1 /* Roboto-Italic.ttf in Resources */ = {isa = PBXBuildFile; fileRef = 41D2D8752A3A43F5001EE8E1 /* Roboto-Italic.ttf */; };
		41D2D8822A3A43F5001EE8E1 /* Roboto-BlackItalic.ttf in Resources */ = {isa = PBXBuildFile; fileRef = 41D2D8762A3A43F5001EE8E1 /* Roboto-BlackItalic.ttf */; };
		41D2D8832A3A43F5001EE8E1 /* Roboto-Bold.ttf in Resources */ = {isa = PBXBuildFile; fileRef = 41D2D8772A3A43F5001EE8E1 /* Roboto-Bold.ttf */; };
		41D2D8842A3A43F5001EE8E1 /* Roboto-Thin.ttf in Resources */ = {isa = PBXBuildFile; fileRef = 41D2D8782A3A43F5001EE8E1 /* Roboto-Thin.ttf */; };
		41D2D8852A3A43F5001EE8E1 /* Roboto-Black.ttf in Resources */ = {isa = PBXBuildFile; fileRef = 41D2D8792A3A43F5001EE8E1 /* Roboto-Black.ttf */; };
		41D2D8872A3A441A001EE8E1 /* CustomFonts.swift in Sources */ = {isa = PBXBuildFile; fileRef = 41D2D8862A3A441A001EE8E1 /* CustomFonts.swift */; };
		41D2D8892A3A4474001EE8E1 /* ToastModifier.swift in Sources */ = {isa = PBXBuildFile; fileRef = 41D2D8882A3A4474001EE8E1 /* ToastModifier.swift */; };
		41D2D88C2A3A44B4001EE8E1 /* Color.swift in Sources */ = {isa = PBXBuildFile; fileRef = 41D2D88B2A3A44B4001EE8E1 /* Color.swift */; };
		41D2D88F2A3A46A7001EE8E1 /* ViewExtensions.swift in Sources */ = {isa = PBXBuildFile; fileRef = 41D2D88E2A3A46A7001EE8E1 /* ViewExtensions.swift */; };
		41D2D8922A3A46F2001EE8E1 /* ImagePicker.swift in Sources */ = {isa = PBXBuildFile; fileRef = 41D2D8912A3A46F2001EE8E1 /* ImagePicker.swift */; };
		41D2D8942A3A4727001EE8E1 /* IndicatorView.swift in Sources */ = {isa = PBXBuildFile; fileRef = 41D2D8932A3A4727001EE8E1 /* IndicatorView.swift */; };
		41D2D8962A3A4FFC001EE8E1 /* Loader.swift in Sources */ = {isa = PBXBuildFile; fileRef = 41D2D8952A3A4FFC001EE8E1 /* Loader.swift */; };
		41D2D8982A3A59A4001EE8E1 /* CustomIndicator.swift in Sources */ = {isa = PBXBuildFile; fileRef = 41D2D8972A3A59A4001EE8E1 /* CustomIndicator.swift */; };
/* End PBXBuildFile section */

/* Begin PBXContainerItemProxy section */
		41D2D8472A3A41CF001EE8E1 /* PBXContainerItemProxy */ = {
			isa = PBXContainerItemProxy;
			containerPortal = 41D2D82E2A3A41CE001EE8E1 /* Project object */;
			proxyType = 1;
			remoteGlobalIDString = 41D2D8352A3A41CE001EE8E1;
			remoteInfo = Setup;
		};
		41D2D8512A3A41CF001EE8E1 /* PBXContainerItemProxy */ = {
			isa = PBXContainerItemProxy;
			containerPortal = 41D2D82E2A3A41CE001EE8E1 /* Project object */;
			proxyType = 1;
			remoteGlobalIDString = 41D2D8352A3A41CE001EE8E1;
			remoteInfo = Setup;
		};
/* End PBXContainerItemProxy section */

/* Begin PBXFileReference section */
		4106C9172A3CDC6A00FD6429 /* CustomTextField.swift */ = {isa = PBXFileReference; lastKnownFileType = sourcecode.swift; path = CustomTextField.swift; sourceTree = "<group>"; };
		4106C9192A3CDEF700FD6429 /* SeparatorView.swift */ = {isa = PBXFileReference; lastKnownFileType = sourcecode.swift; path = SeparatorView.swift; sourceTree = "<group>"; };
		4106C9222A3DE78A00FD6429 /* SignUpView.swift */ = {isa = PBXFileReference; lastKnownFileType = sourcecode.swift; path = SignUpView.swift; sourceTree = "<group>"; };
		4106C92A2A3DE7C700FD6429 /* Login.swift */ = {isa = PBXFileReference; lastKnownFileType = sourcecode.swift; path = Login.swift; sourceTree = "<group>"; };
		4106C92C2A3DE7DD00FD6429 /* LoginViewModel.swift */ = {isa = PBXFileReference; lastKnownFileType = sourcecode.swift; path = LoginViewModel.swift; sourceTree = "<group>"; };
		4106C9342A3DED7D00FD6429 /* HomeViewModel.swift */ = {isa = PBXFileReference; lastKnownFileType = sourcecode.swift; path = HomeViewModel.swift; sourceTree = "<group>"; };
		4106C9382A3DED9900FD6429 /* Home.swift */ = {isa = PBXFileReference; lastKnownFileType = sourcecode.swift; path = Home.swift; sourceTree = "<group>"; };
		4106C93A2A3DEDAA00FD6429 /* HomeView.swift */ = {isa = PBXFileReference; lastKnownFileType = sourcecode.swift; path = HomeView.swift; sourceTree = "<group>"; };
		4106C93C2A3DEE0800FD6429 /* LoginView.swift */ = {isa = PBXFileReference; lastKnownFileType = sourcecode.swift; path = LoginView.swift; sourceTree = "<group>"; };
		4106C93E2A3E2B3400FD6429 /* Constant.swift */ = {isa = PBXFileReference; lastKnownFileType = sourcecode.swift; path = Constant.swift; sourceTree = "<group>"; };
		4106C9402A3E41B800FD6429 /* ButtonView.swift */ = {isa = PBXFileReference; lastKnownFileType = sourcecode.swift; path = ButtonView.swift; sourceTree = "<group>"; };
		4106C9432A3E470A00FD6429 /* LoginDataService.swift */ = {isa = PBXFileReference; lastKnownFileType = sourcecode.swift; path = LoginDataService.swift; sourceTree = "<group>"; };
		4106C9452A3E4CB200FD6429 /* Info.plist */ = {isa = PBXFileReference; lastKnownFileType = text.plist; path = Info.plist; sourceTree = "<group>"; };
		4106C9462A3E57AE00FD6429 /* SignUpViewModel.swift */ = {isa = PBXFileReference; lastKnownFileType = sourcecode.swift; path = SignUpViewModel.swift; sourceTree = "<group>"; };
		4106C9482A3EDCEC00FD6429 /* NoDataFoundView.swift */ = {isa = PBXFileReference; lastKnownFileType = sourcecode.swift; path = NoDataFoundView.swift; sourceTree = "<group>"; };
		4106C94B2A3F074100FD6429 /* SignUpDataService.swift */ = {isa = PBXFileReference; lastKnownFileType = sourcecode.swift; path = SignUpDataService.swift; sourceTree = "<group>"; };
		4106C94D2A3F07FC00FD6429 /* Signup.swift */ = {isa = PBXFileReference; lastKnownFileType = sourcecode.swift; path = Signup.swift; sourceTree = "<group>"; };
		4106C9502A3F157E00FD6429 /* HomeDataService.swift */ = {isa = PBXFileReference; lastKnownFileType = sourcecode.swift; path = HomeDataService.swift; sourceTree = "<group>"; };
		4106C9522A3F20D200FD6429 /* FirstAppear.swift */ = {isa = PBXFileReference; lastKnownFileType = sourcecode.swift; path = FirstAppear.swift; sourceTree = "<group>"; };
		4106C9542A3F29B800FD6429 /* UserView.swift */ = {isa = PBXFileReference; lastKnownFileType = sourcecode.swift; path = UserView.swift; sourceTree = "<group>"; };
		41D2D8362A3A41CE001EE8E1 /* Setup.app */ = {isa = PBXFileReference; explicitFileType = wrapper.application; includeInIndex = 0; path = Setup.app; sourceTree = BUILT_PRODUCTS_DIR; };
		41D2D8392A3A41CE001EE8E1 /* SetupApp.swift */ = {isa = PBXFileReference; lastKnownFileType = sourcecode.swift; path = SetupApp.swift; sourceTree = "<group>"; };
		41D2D83B2A3A41CE001EE8E1 /* ContentView.swift */ = {isa = PBXFileReference; lastKnownFileType = sourcecode.swift; path = ContentView.swift; sourceTree = "<group>"; };
		41D2D83D2A3A41CF001EE8E1 /* Assets.xcassets */ = {isa = PBXFileReference; lastKnownFileType = folder.assetcatalog; path = Assets.xcassets; sourceTree = "<group>"; };
		41D2D8402A3A41CF001EE8E1 /* Preview Assets.xcassets */ = {isa = PBXFileReference; lastKnownFileType = folder.assetcatalog; path = "Preview Assets.xcassets"; sourceTree = "<group>"; };
		41D2D8462A3A41CF001EE8E1 /* SetupTests.xctest */ = {isa = PBXFileReference; explicitFileType = wrapper.cfbundle; includeInIndex = 0; path = SetupTests.xctest; sourceTree = BUILT_PRODUCTS_DIR; };
		41D2D84A2A3A41CF001EE8E1 /* SetupTests.swift */ = {isa = PBXFileReference; lastKnownFileType = sourcecode.swift; path = SetupTests.swift; sourceTree = "<group>"; };
		41D2D8502A3A41CF001EE8E1 /* SetupUITests.xctest */ = {isa = PBXFileReference; explicitFileType = wrapper.cfbundle; includeInIndex = 0; path = SetupUITests.xctest; sourceTree = BUILT_PRODUCTS_DIR; };
		41D2D8542A3A41CF001EE8E1 /* SetupUITests.swift */ = {isa = PBXFileReference; lastKnownFileType = sourcecode.swift; path = SetupUITests.swift; sourceTree = "<group>"; };
		41D2D8562A3A41CF001EE8E1 /* SetupUITestsLaunchTests.swift */ = {isa = PBXFileReference; lastKnownFileType = sourcecode.swift; path = SetupUITestsLaunchTests.swift; sourceTree = "<group>"; };
		41D2D8642A3A4279001EE8E1 /* NetworkingManager.swift */ = {isa = PBXFileReference; lastKnownFileType = sourcecode.swift; path = NetworkingManager.swift; sourceTree = "<group>"; };
		41D2D8662A3A4294001EE8E1 /* EndPoint.swift */ = {isa = PBXFileReference; lastKnownFileType = sourcecode.swift; path = EndPoint.swift; sourceTree = "<group>"; };
		41D2D8682A3A42B1001EE8E1 /* MultipartFormDataRequest.swift */ = {isa = PBXFileReference; lastKnownFileType = sourcecode.swift; path = MultipartFormDataRequest.swift; sourceTree = "<group>"; };
		41D2D86A2A3A42F8001EE8E1 /* UserObject.swift */ = {isa = PBXFileReference; lastKnownFileType = sourcecode.swift; path = UserObject.swift; sourceTree = "<group>"; };
		41D2D86E2A3A43F5001EE8E1 /* Roboto-Medium.ttf */ = {isa = PBXFileReference; lastKnownFileType = file; path = "Roboto-Medium.ttf"; sourceTree = "<group>"; };
		41D2D86F2A3A43F5001EE8E1 /* Roboto-Light.ttf */ = {isa = PBXFileReference; lastKnownFileType = file; path = "Roboto-Light.ttf"; sourceTree = "<group>"; };
		41D2D8702A3A43F5001EE8E1 /* Roboto-Regular.ttf */ = {isa = PBXFileReference; lastKnownFileType = file; path = "Roboto-Regular.ttf"; sourceTree = "<group>"; };
		41D2D8712A3A43F5001EE8E1 /* Roboto-MediumItalic.ttf */ = {isa = PBXFileReference; lastKnownFileType = file; path = "Roboto-MediumItalic.ttf"; sourceTree = "<group>"; };
		41D2D8722A3A43F5001EE8E1 /* Roboto-ThinItalic.ttf */ = {isa = PBXFileReference; lastKnownFileType = file; path = "Roboto-ThinItalic.ttf"; sourceTree = "<group>"; };
		41D2D8732A3A43F5001EE8E1 /* Roboto-BoldItalic.ttf */ = {isa = PBXFileReference; lastKnownFileType = file; path = "Roboto-BoldItalic.ttf"; sourceTree = "<group>"; };
		41D2D8742A3A43F5001EE8E1 /* Roboto-LightItalic.ttf */ = {isa = PBXFileReference; lastKnownFileType = file; path = "Roboto-LightItalic.ttf"; sourceTree = "<group>"; };
		41D2D8752A3A43F5001EE8E1 /* Roboto-Italic.ttf */ = {isa = PBXFileReference; lastKnownFileType = file; path = "Roboto-Italic.ttf"; sourceTree = "<group>"; };
		41D2D8762A3A43F5001EE8E1 /* Roboto-BlackItalic.ttf */ = {isa = PBXFileReference; lastKnownFileType = file; path = "Roboto-BlackItalic.ttf"; sourceTree = "<group>"; };
		41D2D8772A3A43F5001EE8E1 /* Roboto-Bold.ttf */ = {isa = PBXFileReference; lastKnownFileType = file; path = "Roboto-Bold.ttf"; sourceTree = "<group>"; };
		41D2D8782A3A43F5001EE8E1 /* Roboto-Thin.ttf */ = {isa = PBXFileReference; lastKnownFileType = file; path = "Roboto-Thin.ttf"; sourceTree = "<group>"; };
		41D2D8792A3A43F5001EE8E1 /* Roboto-Black.ttf */ = {isa = PBXFileReference; lastKnownFileType = file; path = "Roboto-Black.ttf"; sourceTree = "<group>"; };
		41D2D8862A3A441A001EE8E1 /* CustomFonts.swift */ = {isa = PBXFileReference; lastKnownFileType = sourcecode.swift; path = CustomFonts.swift; sourceTree = "<group>"; };
		41D2D8882A3A4474001EE8E1 /* ToastModifier.swift */ = {isa = PBXFileReference; lastKnownFileType = sourcecode.swift; path = ToastModifier.swift; sourceTree = "<group>"; };
		41D2D88B2A3A44B4001EE8E1 /* Color.swift */ = {isa = PBXFileReference; lastKnownFileType = sourcecode.swift; path = Color.swift; sourceTree = "<group>"; };
		41D2D88E2A3A46A7001EE8E1 /* ViewExtensions.swift */ = {isa = PBXFileReference; lastKnownFileType = sourcecode.swift; path = ViewExtensions.swift; sourceTree = "<group>"; };
		41D2D8912A3A46F2001EE8E1 /* ImagePicker.swift */ = {isa = PBXFileReference; lastKnownFileType = sourcecode.swift; path = ImagePicker.swift; sourceTree = "<group>"; };
		41D2D8932A3A4727001EE8E1 /* IndicatorView.swift */ = {isa = PBXFileReference; lastKnownFileType = sourcecode.swift; path = IndicatorView.swift; sourceTree = "<group>"; };
		41D2D8952A3A4FFC001EE8E1 /* Loader.swift */ = {isa = PBXFileReference; lastKnownFileType = sourcecode.swift; path = Loader.swift; sourceTree = "<group>"; };
		41D2D8972A3A59A4001EE8E1 /* CustomIndicator.swift */ = {isa = PBXFileReference; lastKnownFileType = sourcecode.swift; path = CustomIndicator.swift; sourceTree = "<group>"; };
/* End PBXFileReference section */

/* Begin PBXFrameworksBuildPhase section */
		41D2D8332A3A41CE001EE8E1 /* Frameworks */ = {
			isa = PBXFrameworksBuildPhase;
			buildActionMask = 2147483647;
			files = (
			);
			runOnlyForDeploymentPostprocessing = 0;
		};
		41D2D8432A3A41CF001EE8E1 /* Frameworks */ = {
			isa = PBXFrameworksBuildPhase;
			buildActionMask = 2147483647;
			files = (
			);
			runOnlyForDeploymentPostprocessing = 0;
		};
		41D2D84D2A3A41CF001EE8E1 /* Frameworks */ = {
			isa = PBXFrameworksBuildPhase;
			buildActionMask = 2147483647;
			files = (
			);
			runOnlyForDeploymentPostprocessing = 0;
		};
/* End PBXFrameworksBuildPhase section */

/* Begin PBXGroup section */
		4106C91B2A3DE72F00FD6429 /* Features */ = {
			isa = PBXGroup;
			children = (
				4106C9302A3DED3F00FD6429 /* Home */,
				4106C9262A3DE7A100FD6429 /* Login */,
				4106C91C2A3DE73B00FD6429 /* Register */,
			);
			path = Features;
			sourceTree = "<group>";
		};
		4106C91C2A3DE73B00FD6429 /* Register */ = {
			isa = PBXGroup;
			children = (
				4106C91D2A3DE75200FD6429 /* Model */,
				4106C91E2A3DE75800FD6429 /* View */,
				4106C91F2A3DE75F00FD6429 /* ViewModel */,
				4106C94A2A3F071100FD6429 /* DataService */,
			);
			path = Register;
			sourceTree = "<group>";
		};
		4106C91D2A3DE75200FD6429 /* Model */ = {
			isa = PBXGroup;
			children = (
				4106C94D2A3F07FC00FD6429 /* Signup.swift */,
			);
			path = Model;
			sourceTree = "<group>";
		};
		4106C91E2A3DE75800FD6429 /* View */ = {
			isa = PBXGroup;
			children = (
				4106C9222A3DE78A00FD6429 /* SignUpView.swift */,
			);
			path = View;
			sourceTree = "<group>";
		};
		4106C91F2A3DE75F00FD6429 /* ViewModel */ = {
			isa = PBXGroup;
			children = (
				4106C9462A3E57AE00FD6429 /* SignUpViewModel.swift */,
			);
			path = ViewModel;
			sourceTree = "<group>";
		};
		4106C9262A3DE7A100FD6429 /* Login */ = {
			isa = PBXGroup;
			children = (
				4106C9292A3DE7BD00FD6429 /* Model */,
				4106C9282A3DE7B900FD6429 /* View */,
				4106C9272A3DE7AD00FD6429 /* ViewModel */,
				4106C9422A3E46E900FD6429 /* LoginDataService */,
			);
			path = Login;
			sourceTree = "<group>";
		};
		4106C9272A3DE7AD00FD6429 /* ViewModel */ = {
			isa = PBXGroup;
			children = (
				4106C92C2A3DE7DD00FD6429 /* LoginViewModel.swift */,
			);
			path = ViewModel;
			sourceTree = "<group>";
		};
		4106C9282A3DE7B900FD6429 /* View */ = {
			isa = PBXGroup;
			children = (
				4106C93C2A3DEE0800FD6429 /* LoginView.swift */,
			);
			path = View;
			sourceTree = "<group>";
		};
		4106C9292A3DE7BD00FD6429 /* Model */ = {
			isa = PBXGroup;
			children = (
				4106C92A2A3DE7C700FD6429 /* Login.swift */,
			);
			path = Model;
			sourceTree = "<group>";
		};
		4106C9302A3DED3F00FD6429 /* Home */ = {
			isa = PBXGroup;
			children = (
				4106C94F2A3F156D00FD6429 /* DataService */,
				4106C9332A3DED6600FD6429 /* Model */,
				4106C9322A3DED5D00FD6429 /* View */,
				4106C9312A3DED4F00FD6429 /* ViewModel */,
			);
			path = Home;
			sourceTree = "<group>";
		};
		4106C9312A3DED4F00FD6429 /* ViewModel */ = {
			isa = PBXGroup;
			children = (
				4106C9342A3DED7D00FD6429 /* HomeViewModel.swift */,
			);
			path = ViewModel;
			sourceTree = "<group>";
		};
		4106C9322A3DED5D00FD6429 /* View */ = {
			isa = PBXGroup;
			children = (
				4106C93A2A3DEDAA00FD6429 /* HomeView.swift */,
				4106C9542A3F29B800FD6429 /* UserView.swift */,
			);
			path = View;
			sourceTree = "<group>";
		};
		4106C9332A3DED6600FD6429 /* Model */ = {
			isa = PBXGroup;
			children = (
				4106C9382A3DED9900FD6429 /* Home.swift */,
			);
			path = Model;
			sourceTree = "<group>";
		};
		4106C9422A3E46E900FD6429 /* LoginDataService */ = {
			isa = PBXGroup;
			children = (
				4106C9432A3E470A00FD6429 /* LoginDataService.swift */,
			);
			path = LoginDataService;
			sourceTree = "<group>";
		};
		4106C94A2A3F071100FD6429 /* DataService */ = {
			isa = PBXGroup;
			children = (
				4106C94B2A3F074100FD6429 /* SignUpDataService.swift */,
			);
			path = DataService;
			sourceTree = "<group>";
		};
		4106C94F2A3F156D00FD6429 /* DataService */ = {
			isa = PBXGroup;
			children = (
				4106C9502A3F157E00FD6429 /* HomeDataService.swift */,
			);
			path = DataService;
			sourceTree = "<group>";
		};
		41D2D82D2A3A41CE001EE8E1 = {
			isa = PBXGroup;
			children = (
				41D2D8382A3A41CE001EE8E1 /* Setup */,
				41D2D8492A3A41CF001EE8E1 /* SetupTests */,
				41D2D8532A3A41CF001EE8E1 /* SetupUITests */,
				41D2D8372A3A41CE001EE8E1 /* Products */,
			);
			sourceTree = "<group>";
		};
		41D2D8372A3A41CE001EE8E1 /* Products */ = {
			isa = PBXGroup;
			children = (
				41D2D8362A3A41CE001EE8E1 /* Setup.app */,
				41D2D8462A3A41CF001EE8E1 /* SetupTests.xctest */,
				41D2D8502A3A41CF001EE8E1 /* SetupUITests.xctest */,
			);
			name = Products;
			sourceTree = "<group>";
		};
		41D2D8382A3A41CE001EE8E1 /* Setup */ = {
			isa = PBXGroup;
			children = (
				4106C9452A3E4CB200FD6429 /* Info.plist */,
				4106C91B2A3DE72F00FD6429 /* Features */,
				41D2D8902A3A46E1001EE8E1 /* Common UIs & Classes */,
				41D2D88D2A3A4692001EE8E1 /* Extensions */,
				41D2D86C2A3A43D7001EE8E1 /* Utilities */,
				41D2D8632A3A41DA001EE8E1 /* Networking */,
				41D2D8392A3A41CE001EE8E1 /* SetupApp.swift */,
				41D2D83B2A3A41CE001EE8E1 /* ContentView.swift */,
				41D2D83D2A3A41CF001EE8E1 /* Assets.xcassets */,
				41D2D83F2A3A41CF001EE8E1 /* Preview Content */,
			);
			path = Setup;
			sourceTree = "<group>";
		};
		41D2D83F2A3A41CF001EE8E1 /* Preview Content */ = {
			isa = PBXGroup;
			children = (
				41D2D8402A3A41CF001EE8E1 /* Preview Assets.xcassets */,
			);
			path = "Preview Content";
			sourceTree = "<group>";
		};
		41D2D8492A3A41CF001EE8E1 /* SetupTests */ = {
			isa = PBXGroup;
			children = (
				41D2D84A2A3A41CF001EE8E1 /* SetupTests.swift */,
			);
			path = SetupTests;
			sourceTree = "<group>";
		};
		41D2D8532A3A41CF001EE8E1 /* SetupUITests */ = {
			isa = PBXGroup;
			children = (
				41D2D8542A3A41CF001EE8E1 /* SetupUITests.swift */,
				41D2D8562A3A41CF001EE8E1 /* SetupUITestsLaunchTests.swift */,
			);
			path = SetupUITests;
			sourceTree = "<group>";
		};
		41D2D8632A3A41DA001EE8E1 /* Networking */ = {
			isa = PBXGroup;
			children = (
				41D2D8642A3A4279001EE8E1 /* NetworkingManager.swift */,
				41D2D8662A3A4294001EE8E1 /* EndPoint.swift */,
				41D2D8682A3A42B1001EE8E1 /* MultipartFormDataRequest.swift */,
				41D2D86A2A3A42F8001EE8E1 /* UserObject.swift */,
			);
			path = Networking;
			sourceTree = "<group>";
		};
		41D2D86C2A3A43D7001EE8E1 /* Utilities */ = {
			isa = PBXGroup;
			children = (
				41D2D88A2A3A44A5001EE8E1 /* Dark Mode Management */,
				41D2D86D2A3A43F5001EE8E1 /* Fonts */,
				41D2D8862A3A441A001EE8E1 /* CustomFonts.swift */,
				41D2D8882A3A4474001EE8E1 /* ToastModifier.swift */,
				4106C93E2A3E2B3400FD6429 /* Constant.swift */,
			);
			path = Utilities;
			sourceTree = "<group>";
		};
		41D2D86D2A3A43F5001EE8E1 /* Fonts */ = {
			isa = PBXGroup;
			children = (
				41D2D86E2A3A43F5001EE8E1 /* Roboto-Medium.ttf */,
				41D2D86F2A3A43F5001EE8E1 /* Roboto-Light.ttf */,
				41D2D8702A3A43F5001EE8E1 /* Roboto-Regular.ttf */,
				41D2D8712A3A43F5001EE8E1 /* Roboto-MediumItalic.ttf */,
				41D2D8722A3A43F5001EE8E1 /* Roboto-ThinItalic.ttf */,
				41D2D8732A3A43F5001EE8E1 /* Roboto-BoldItalic.ttf */,
				41D2D8742A3A43F5001EE8E1 /* Roboto-LightItalic.ttf */,
				41D2D8752A3A43F5001EE8E1 /* Roboto-Italic.ttf */,
				41D2D8762A3A43F5001EE8E1 /* Roboto-BlackItalic.ttf */,
				41D2D8772A3A43F5001EE8E1 /* Roboto-Bold.ttf */,
				41D2D8782A3A43F5001EE8E1 /* Roboto-Thin.ttf */,
				41D2D8792A3A43F5001EE8E1 /* Roboto-Black.ttf */,
			);
			path = Fonts;
			sourceTree = "<group>";
		};
		41D2D88A2A3A44A5001EE8E1 /* Dark Mode Management */ = {
			isa = PBXGroup;
			children = (
				41D2D88B2A3A44B4001EE8E1 /* Color.swift */,
			);
			path = "Dark Mode Management";
			sourceTree = "<group>";
		};
		41D2D88D2A3A4692001EE8E1 /* Extensions */ = {
			isa = PBXGroup;
			children = (
				41D2D88E2A3A46A7001EE8E1 /* ViewExtensions.swift */,
			);
			path = Extensions;
			sourceTree = "<group>";
		};
		41D2D8902A3A46E1001EE8E1 /* Common UIs & Classes */ = {
			isa = PBXGroup;
			children = (
				41D2D8912A3A46F2001EE8E1 /* ImagePicker.swift */,
				41D2D8932A3A4727001EE8E1 /* IndicatorView.swift */,
				41D2D8952A3A4FFC001EE8E1 /* Loader.swift */,
				41D2D8972A3A59A4001EE8E1 /* CustomIndicator.swift */,
				4106C9172A3CDC6A00FD6429 /* CustomTextField.swift */,
				4106C9192A3CDEF700FD6429 /* SeparatorView.swift */,
				4106C9402A3E41B800FD6429 /* ButtonView.swift */,
				4106C9482A3EDCEC00FD6429 /* NoDataFoundView.swift */,
				4106C9522A3F20D200FD6429 /* FirstAppear.swift */,
			);
			path = "Common UIs & Classes";
			sourceTree = "<group>";
		};
/* End PBXGroup section */

/* Begin PBXNativeTarget section */
		41D2D8352A3A41CE001EE8E1 /* Setup */ = {
			isa = PBXNativeTarget;
			buildConfigurationList = 41D2D85A2A3A41CF001EE8E1 /* Build configuration list for PBXNativeTarget "Setup" */;
			buildPhases = (
				41D2D8322A3A41CE001EE8E1 /* Sources */,
				41D2D8332A3A41CE001EE8E1 /* Frameworks */,
				41D2D8342A3A41CE001EE8E1 /* Resources */,
			);
			buildRules = (
			);
			dependencies = (
			);
			name = Setup;
			productName = Setup;
			productReference = 41D2D8362A3A41CE001EE8E1 /* Setup.app */;
			productType = "com.apple.product-type.application";
		};
		41D2D8452A3A41CF001EE8E1 /* SetupTests */ = {
			isa = PBXNativeTarget;
			buildConfigurationList = 41D2D85D2A3A41CF001EE8E1 /* Build configuration list for PBXNativeTarget "SetupTests" */;
			buildPhases = (
				41D2D8422A3A41CF001EE8E1 /* Sources */,
				41D2D8432A3A41CF001EE8E1 /* Frameworks */,
				41D2D8442A3A41CF001EE8E1 /* Resources */,
			);
			buildRules = (
			);
			dependencies = (
				41D2D8482A3A41CF001EE8E1 /* PBXTargetDependency */,
			);
			name = SetupTests;
			productName = SetupTests;
			productReference = 41D2D8462A3A41CF001EE8E1 /* SetupTests.xctest */;
			productType = "com.apple.product-type.bundle.unit-test";
		};
		41D2D84F2A3A41CF001EE8E1 /* SetupUITests */ = {
			isa = PBXNativeTarget;
			buildConfigurationList = 41D2D8602A3A41CF001EE8E1 /* Build configuration list for PBXNativeTarget "SetupUITests" */;
			buildPhases = (
				41D2D84C2A3A41CF001EE8E1 /* Sources */,
				41D2D84D2A3A41CF001EE8E1 /* Frameworks */,
				41D2D84E2A3A41CF001EE8E1 /* Resources */,
			);
			buildRules = (
			);
			dependencies = (
				41D2D8522A3A41CF001EE8E1 /* PBXTargetDependency */,
			);
			name = SetupUITests;
			productName = SetupUITests;
			productReference = 41D2D8502A3A41CF001EE8E1 /* SetupUITests.xctest */;
			productType = "com.apple.product-type.bundle.ui-testing";
		};
/* End PBXNativeTarget section */

/* Begin PBXProject section */
		41D2D82E2A3A41CE001EE8E1 /* Project object */ = {
			isa = PBXProject;
			attributes = {
				BuildIndependentTargetsInParallel = 1;
				LastSwiftUpdateCheck = 1420;
				LastUpgradeCheck = 1420;
				TargetAttributes = {
					41D2D8352A3A41CE001EE8E1 = {
						CreatedOnToolsVersion = 14.2;
					};
					41D2D8452A3A41CF001EE8E1 = {
						CreatedOnToolsVersion = 14.2;
						TestTargetID = 41D2D8352A3A41CE001EE8E1;
					};
					41D2D84F2A3A41CF001EE8E1 = {
						CreatedOnToolsVersion = 14.2;
						TestTargetID = 41D2D8352A3A41CE001EE8E1;
					};
				};
			};
			buildConfigurationList = 41D2D8312A3A41CE001EE8E1 /* Build configuration list for PBXProject "Setup" */;
			compatibilityVersion = "Xcode 14.0";
			developmentRegion = en;
			hasScannedForEncodings = 0;
			knownRegions = (
				en,
				Base,
			);
			mainGroup = 41D2D82D2A3A41CE001EE8E1;
			productRefGroup = 41D2D8372A3A41CE001EE8E1 /* Products */;
			projectDirPath = "";
			projectRoot = "";
			targets = (
				41D2D8352A3A41CE001EE8E1 /* Setup */,
				41D2D8452A3A41CF001EE8E1 /* SetupTests */,
				41D2D84F2A3A41CF001EE8E1 /* SetupUITests */,
			);
		};
/* End PBXProject section */

/* Begin PBXResourcesBuildPhase section */
		41D2D8342A3A41CE001EE8E1 /* Resources */ = {
			isa = PBXResourcesBuildPhase;
			buildActionMask = 2147483647;
			files = (
				41D2D8412A3A41CF001EE8E1 /* Preview Assets.xcassets in Resources */,
				41D2D83E2A3A41CF001EE8E1 /* Assets.xcassets in Resources */,
				41D2D8832A3A43F5001EE8E1 /* Roboto-Bold.ttf in Resources */,
				41D2D87F2A3A43F5001EE8E1 /* Roboto-BoldItalic.ttf in Resources */,
				41D2D87C2A3A43F5001EE8E1 /* Roboto-Regular.ttf in Resources */,
				41D2D87E2A3A43F5001EE8E1 /* Roboto-ThinItalic.ttf in Resources */,
				41D2D8802A3A43F5001EE8E1 /* Roboto-LightItalic.ttf in Resources */,
				41D2D8822A3A43F5001EE8E1 /* Roboto-BlackItalic.ttf in Resources */,
				41D2D87B2A3A43F5001EE8E1 /* Roboto-Light.ttf in Resources */,
				41D2D8812A3A43F5001EE8E1 /* Roboto-Italic.ttf in Resources */,
				41D2D87D2A3A43F5001EE8E1 /* Roboto-MediumItalic.ttf in Resources */,
				41D2D8852A3A43F5001EE8E1 /* Roboto-Black.ttf in Resources */,
				41D2D8842A3A43F5001EE8E1 /* Roboto-Thin.ttf in Resources */,
				41D2D87A2A3A43F5001EE8E1 /* Roboto-Medium.ttf in Resources */,
			);
			runOnlyForDeploymentPostprocessing = 0;
		};
		41D2D8442A3A41CF001EE8E1 /* Resources */ = {
			isa = PBXResourcesBuildPhase;
			buildActionMask = 2147483647;
			files = (
			);
			runOnlyForDeploymentPostprocessing = 0;
		};
		41D2D84E2A3A41CF001EE8E1 /* Resources */ = {
			isa = PBXResourcesBuildPhase;
			buildActionMask = 2147483647;
			files = (
			);
			runOnlyForDeploymentPostprocessing = 0;
		};
/* End PBXResourcesBuildPhase section */

/* Begin PBXSourcesBuildPhase section */
		41D2D8322A3A41CE001EE8E1 /* Sources */ = {
			isa = PBXSourcesBuildPhase;
			buildActionMask = 2147483647;
			files = (
				41D2D8892A3A4474001EE8E1 /* ToastModifier.swift in Sources */,
				41D2D8652A3A4279001EE8E1 /* NetworkingManager.swift in Sources */,
				4106C93B2A3DEDAA00FD6429 /* HomeView.swift in Sources */,
				41D2D8692A3A42B1001EE8E1 /* MultipartFormDataRequest.swift in Sources */,
				4106C9442A3E470A00FD6429 /* LoginDataService.swift in Sources */,
				41D2D8872A3A441A001EE8E1 /* CustomFonts.swift in Sources */,
				4106C9352A3DED7D00FD6429 /* HomeViewModel.swift in Sources */,
				41D2D83C2A3A41CE001EE8E1 /* ContentView.swift in Sources */,
				4106C94C2A3F074100FD6429 /* SignUpDataService.swift in Sources */,
				4106C9412A3E41B800FD6429 /* ButtonView.swift in Sources */,
				4106C9472A3E57AE00FD6429 /* SignUpViewModel.swift in Sources */,
				4106C94E2A3F07FC00FD6429 /* Signup.swift in Sources */,
				41D2D8672A3A4294001EE8E1 /* EndPoint.swift in Sources */,
				4106C9532A3F20D200FD6429 /* FirstAppear.swift in Sources */,
				4106C93F2A3E2B3400FD6429 /* Constant.swift in Sources */,
				4106C9512A3F157E00FD6429 /* HomeDataService.swift in Sources */,
				41D2D83A2A3A41CE001EE8E1 /* SetupApp.swift in Sources */,
				41D2D8922A3A46F2001EE8E1 /* ImagePicker.swift in Sources */,
				4106C9232A3DE78A00FD6429 /* SignUpView.swift in Sources */,
				4106C93D2A3DEE0800FD6429 /* LoginView.swift in Sources */,
				4106C92B2A3DE7C700FD6429 /* Login.swift in Sources */,
				41D2D86B2A3A42F8001EE8E1 /* UserObject.swift in Sources */,
				4106C9552A3F29B800FD6429 /* UserView.swift in Sources */,
				41D2D88F2A3A46A7001EE8E1 /* ViewExtensions.swift in Sources */,
				4106C91A2A3CDEF700FD6429 /* SeparatorView.swift in Sources */,
				41D2D8982A3A59A4001EE8E1 /* CustomIndicator.swift in Sources */,
				41D2D8962A3A4FFC001EE8E1 /* Loader.swift in Sources */,
				41D2D8942A3A4727001EE8E1 /* IndicatorView.swift in Sources */,
				41D2D88C2A3A44B4001EE8E1 /* Color.swift in Sources */,
				4106C9392A3DED9900FD6429 /* Home.swift in Sources */,
				4106C9182A3CDC6A00FD6429 /* CustomTextField.swift in Sources */,
				4106C92D2A3DE7DD00FD6429 /* LoginViewModel.swift in Sources */,
				4106C9492A3EDCEC00FD6429 /* NoDataFoundView.swift in Sources */,
			);
			runOnlyForDeploymentPostprocessing = 0;
		};
		41D2D8422A3A41CF001EE8E1 /* Sources */ = {
			isa = PBXSourcesBuildPhase;
			buildActionMask = 2147483647;
			files = (
				41D2D84B2A3A41CF001EE8E1 /* SetupTests.swift in Sources */,
			);
			runOnlyForDeploymentPostprocessing = 0;
		};
		41D2D84C2A3A41CF001EE8E1 /* Sources */ = {
			isa = PBXSourcesBuildPhase;
			buildActionMask = 2147483647;
			files = (
				41D2D8572A3A41CF001EE8E1 /* SetupUITestsLaunchTests.swift in Sources */,
				41D2D8552A3A41CF001EE8E1 /* SetupUITests.swift in Sources */,
			);
			runOnlyForDeploymentPostprocessing = 0;
		};
/* End PBXSourcesBuildPhase section */

/* Begin PBXTargetDependency section */
		41D2D8482A3A41CF001EE8E1 /* PBXTargetDependency */ = {
			isa = PBXTargetDependency;
			target = 41D2D8352A3A41CE001EE8E1 /* Setup */;
			targetProxy = 41D2D8472A3A41CF001EE8E1 /* PBXContainerItemProxy */;
		};
		41D2D8522A3A41CF001EE8E1 /* PBXTargetDependency */ = {
			isa = PBXTargetDependency;
			target = 41D2D8352A3A41CE001EE8E1 /* Setup */;
			targetProxy = 41D2D8512A3A41CF001EE8E1 /* PBXContainerItemProxy */;
		};
/* End PBXTargetDependency section */

/* Begin XCBuildConfiguration section */
		41D2D8582A3A41CF001EE8E1 /* Debug */ = {
			isa = XCBuildConfiguration;
			buildSettings = {
				ALWAYS_SEARCH_USER_PATHS = NO;
				CLANG_ANALYZER_NONNULL = YES;
				CLANG_ANALYZER_NUMBER_OBJECT_CONVERSION = YES_AGGRESSIVE;
				CLANG_CXX_LANGUAGE_STANDARD = "gnu++20";
				CLANG_ENABLE_MODULES = YES;
				CLANG_ENABLE_OBJC_ARC = YES;
				CLANG_ENABLE_OBJC_WEAK = YES;
				CLANG_WARN_BLOCK_CAPTURE_AUTORELEASING = YES;
				CLANG_WARN_BOOL_CONVERSION = YES;
				CLANG_WARN_COMMA = YES;
				CLANG_WARN_CONSTANT_CONVERSION = YES;
				CLANG_WARN_DEPRECATED_OBJC_IMPLEMENTATIONS = YES;
				CLANG_WARN_DIRECT_OBJC_ISA_USAGE = YES_ERROR;
				CLANG_WARN_DOCUMENTATION_COMMENTS = YES;
				CLANG_WARN_EMPTY_BODY = YES;
				CLANG_WARN_ENUM_CONVERSION = YES;
				CLANG_WARN_INFINITE_RECURSION = YES;
				CLANG_WARN_INT_CONVERSION = YES;
				CLANG_WARN_NON_LITERAL_NULL_CONVERSION = YES;
				CLANG_WARN_OBJC_IMPLICIT_RETAIN_SELF = YES;
				CLANG_WARN_OBJC_LITERAL_CONVERSION = YES;
				CLANG_WARN_OBJC_ROOT_CLASS = YES_ERROR;
				CLANG_WARN_QUOTED_INCLUDE_IN_FRAMEWORK_HEADER = YES;
				CLANG_WARN_RANGE_LOOP_ANALYSIS = YES;
				CLANG_WARN_STRICT_PROTOTYPES = YES;
				CLANG_WARN_SUSPICIOUS_MOVE = YES;
				CLANG_WARN_UNGUARDED_AVAILABILITY = YES_AGGRESSIVE;
				CLANG_WARN_UNREACHABLE_CODE = YES;
				CLANG_WARN__DUPLICATE_METHOD_MATCH = YES;
				COPY_PHASE_STRIP = NO;
				DEBUG_INFORMATION_FORMAT = dwarf;
				ENABLE_STRICT_OBJC_MSGSEND = YES;
				ENABLE_TESTABILITY = YES;
				GCC_C_LANGUAGE_STANDARD = gnu11;
				GCC_DYNAMIC_NO_PIC = NO;
				GCC_NO_COMMON_BLOCKS = YES;
				GCC_OPTIMIZATION_LEVEL = 0;
				GCC_PREPROCESSOR_DEFINITIONS = (
					"DEBUG=1",
					"$(inherited)",
				);
				GCC_WARN_64_TO_32_BIT_CONVERSION = YES;
				GCC_WARN_ABOUT_RETURN_TYPE = YES_ERROR;
				GCC_WARN_UNDECLARED_SELECTOR = YES;
				GCC_WARN_UNINITIALIZED_AUTOS = YES_AGGRESSIVE;
				GCC_WARN_UNUSED_FUNCTION = YES;
				GCC_WARN_UNUSED_VARIABLE = YES;
				IPHONEOS_DEPLOYMENT_TARGET = 16.2;
				MTL_ENABLE_DEBUG_INFO = INCLUDE_SOURCE;
				MTL_FAST_MATH = YES;
				ONLY_ACTIVE_ARCH = YES;
				SDKROOT = iphoneos;
				SWIFT_ACTIVE_COMPILATION_CONDITIONS = DEBUG;
				SWIFT_OPTIMIZATION_LEVEL = "-Onone";
			};
			name = Debug;
		};
		41D2D8592A3A41CF001EE8E1 /* Release */ = {
			isa = XCBuildConfiguration;
			buildSettings = {
				ALWAYS_SEARCH_USER_PATHS = NO;
				CLANG_ANALYZER_NONNULL = YES;
				CLANG_ANALYZER_NUMBER_OBJECT_CONVERSION = YES_AGGRESSIVE;
				CLANG_CXX_LANGUAGE_STANDARD = "gnu++20";
				CLANG_ENABLE_MODULES = YES;
				CLANG_ENABLE_OBJC_ARC = YES;
				CLANG_ENABLE_OBJC_WEAK = YES;
				CLANG_WARN_BLOCK_CAPTURE_AUTORELEASING = YES;
				CLANG_WARN_BOOL_CONVERSION = YES;
				CLANG_WARN_COMMA = YES;
				CLANG_WARN_CONSTANT_CONVERSION = YES;
				CLANG_WARN_DEPRECATED_OBJC_IMPLEMENTATIONS = YES;
				CLANG_WARN_DIRECT_OBJC_ISA_USAGE = YES_ERROR;
				CLANG_WARN_DOCUMENTATION_COMMENTS = YES;
				CLANG_WARN_EMPTY_BODY = YES;
				CLANG_WARN_ENUM_CONVERSION = YES;
				CLANG_WARN_INFINITE_RECURSION = YES;
				CLANG_WARN_INT_CONVERSION = YES;
				CLANG_WARN_NON_LITERAL_NULL_CONVERSION = YES;
				CLANG_WARN_OBJC_IMPLICIT_RETAIN_SELF = YES;
				CLANG_WARN_OBJC_LITERAL_CONVERSION = YES;
				CLANG_WARN_OBJC_ROOT_CLASS = YES_ERROR;
				CLANG_WARN_QUOTED_INCLUDE_IN_FRAMEWORK_HEADER = YES;
				CLANG_WARN_RANGE_LOOP_ANALYSIS = YES;
				CLANG_WARN_STRICT_PROTOTYPES = YES;
				CLANG_WARN_SUSPICIOUS_MOVE = YES;
				CLANG_WARN_UNGUARDED_AVAILABILITY = YES_AGGRESSIVE;
				CLANG_WARN_UNREACHABLE_CODE = YES;
				CLANG_WARN__DUPLICATE_METHOD_MATCH = YES;
				COPY_PHASE_STRIP = NO;
				DEBUG_INFORMATION_FORMAT = "dwarf-with-dsym";
				ENABLE_NS_ASSERTIONS = NO;
				ENABLE_STRICT_OBJC_MSGSEND = YES;
				GCC_C_LANGUAGE_STANDARD = gnu11;
				GCC_NO_COMMON_BLOCKS = YES;
				GCC_WARN_64_TO_32_BIT_CONVERSION = YES;
				GCC_WARN_ABOUT_RETURN_TYPE = YES_ERROR;
				GCC_WARN_UNDECLARED_SELECTOR = YES;
				GCC_WARN_UNINITIALIZED_AUTOS = YES_AGGRESSIVE;
				GCC_WARN_UNUSED_FUNCTION = YES;
				GCC_WARN_UNUSED_VARIABLE = YES;
				IPHONEOS_DEPLOYMENT_TARGET = 16.2;
				MTL_ENABLE_DEBUG_INFO = NO;
				MTL_FAST_MATH = YES;
				SDKROOT = iphoneos;
				SWIFT_COMPILATION_MODE = wholemodule;
				SWIFT_OPTIMIZATION_LEVEL = "-O";
				VALIDATE_PRODUCT = YES;
			};
			name = Release;
		};
		41D2D85B2A3A41CF001EE8E1 /* Debug */ = {
			isa = XCBuildConfiguration;
			buildSettings = {
				ASSETCATALOG_COMPILER_APPICON_NAME = AppIcon;
				ASSETCATALOG_COMPILER_GLOBAL_ACCENT_COLOR_NAME = AccentColor;
				CODE_SIGN_STYLE = Automatic;
				CURRENT_PROJECT_VERSION = 1;
				DEVELOPMENT_ASSET_PATHS = "\"Setup/Preview Content\"";
				DEVELOPMENT_TEAM = 5MJL9QS49T;
				ENABLE_PREVIEWS = YES;
				GENERATE_INFOPLIST_FILE = YES;
				INFOPLIST_FILE = Setup/Info.plist;
				INFOPLIST_KEY_UIApplicationSceneManifest_Generation = YES;
				INFOPLIST_KEY_UIApplicationSupportsIndirectInputEvents = YES;
				INFOPLIST_KEY_UILaunchScreen_Generation = YES;
				INFOPLIST_KEY_UISupportedInterfaceOrientations_iPad = "UIInterfaceOrientationPortrait UIInterfaceOrientationPortraitUpsideDown UIInterfaceOrientationLandscapeLeft UIInterfaceOrientationLandscapeRight";
				INFOPLIST_KEY_UISupportedInterfaceOrientations_iPhone = "UIInterfaceOrientationPortrait UIInterfaceOrientationLandscapeLeft UIInterfaceOrientationLandscapeRight";
				LD_RUNPATH_SEARCH_PATHS = (
					"$(inherited)",
					"@executable_path/Frameworks",
				);
				MARKETING_VERSION = 1.0;
				PRODUCT_BUNDLE_IDENTIFIER = Generic.Setup;
				PRODUCT_NAME = "$(TARGET_NAME)";
				SWIFT_EMIT_LOC_STRINGS = YES;
				SWIFT_VERSION = 5.0;
				TARGETED_DEVICE_FAMILY = "1,2";
			};
			name = Debug;
		};
		41D2D85C2A3A41CF001EE8E1 /* Release */ = {
			isa = XCBuildConfiguration;
			buildSettings = {
				ASSETCATALOG_COMPILER_APPICON_NAME = AppIcon;
				ASSETCATALOG_COMPILER_GLOBAL_ACCENT_COLOR_NAME = AccentColor;
				CODE_SIGN_STYLE = Automatic;
				CURRENT_PROJECT_VERSION = 1;
				DEVELOPMENT_ASSET_PATHS = "\"Setup/Preview Content\"";
				DEVELOPMENT_TEAM = 5MJL9QS49T;
				ENABLE_PREVIEWS = YES;
				GENERATE_INFOPLIST_FILE = YES;
				INFOPLIST_FILE = Setup/Info.plist;
				INFOPLIST_KEY_UIApplicationSceneManifest_Generation = YES;
				INFOPLIST_KEY_UIApplicationSupportsIndirectInputEvents = YES;
				INFOPLIST_KEY_UILaunchScreen_Generation = YES;
				INFOPLIST_KEY_UISupportedInterfaceOrientations_iPad = "UIInterfaceOrientationPortrait UIInterfaceOrientationPortraitUpsideDown UIInterfaceOrientationLandscapeLeft UIInterfaceOrientationLandscapeRight";
				INFOPLIST_KEY_UISupportedInterfaceOrientations_iPhone = "UIInterfaceOrientationPortrait UIInterfaceOrientationLandscapeLeft UIInterfaceOrientationLandscapeRight";
				LD_RUNPATH_SEARCH_PATHS = (
					"$(inherited)",
					"@executable_path/Frameworks",
				);
				MARKETING_VERSION = 1.0;
				PRODUCT_BUNDLE_IDENTIFIER = Generic.Setup;
				PRODUCT_NAME = "$(TARGET_NAME)";
				SWIFT_EMIT_LOC_STRINGS = YES;
				SWIFT_VERSION = 5.0;
				TARGETED_DEVICE_FAMILY = "1,2";
			};
			name = Release;
		};
		41D2D85E2A3A41CF001EE8E1 /* Debug */ = {
			isa = XCBuildConfiguration;
			buildSettings = {
				ALWAYS_EMBED_SWIFT_STANDARD_LIBRARIES = YES;
				BUNDLE_LOADER = "$(TEST_HOST)";
				CODE_SIGN_STYLE = Automatic;
				CURRENT_PROJECT_VERSION = 1;
				GENERATE_INFOPLIST_FILE = YES;
				IPHONEOS_DEPLOYMENT_TARGET = 16.2;
				MARKETING_VERSION = 1.0;
				PRODUCT_BUNDLE_IDENTIFIER = Generic.SetupTests;
				PRODUCT_NAME = "$(TARGET_NAME)";
				SWIFT_EMIT_LOC_STRINGS = NO;
				SWIFT_VERSION = 5.0;
				TARGETED_DEVICE_FAMILY = "1,2";
				TEST_HOST = "$(BUILT_PRODUCTS_DIR)/Setup.app/$(BUNDLE_EXECUTABLE_FOLDER_PATH)/Setup";
			};
			name = Debug;
		};
		41D2D85F2A3A41CF001EE8E1 /* Release */ = {
			isa = XCBuildConfiguration;
			buildSettings = {
				ALWAYS_EMBED_SWIFT_STANDARD_LIBRARIES = YES;
				BUNDLE_LOADER = "$(TEST_HOST)";
				CODE_SIGN_STYLE = Automatic;
				CURRENT_PROJECT_VERSION = 1;
				GENERATE_INFOPLIST_FILE = YES;
				IPHONEOS_DEPLOYMENT_TARGET = 16.2;
				MARKETING_VERSION = 1.0;
				PRODUCT_BUNDLE_IDENTIFIER = Generic.SetupTests;
				PRODUCT_NAME = "$(TARGET_NAME)";
				SWIFT_EMIT_LOC_STRINGS = NO;
				SWIFT_VERSION = 5.0;
				TARGETED_DEVICE_FAMILY = "1,2";
				TEST_HOST = "$(BUILT_PRODUCTS_DIR)/Setup.app/$(BUNDLE_EXECUTABLE_FOLDER_PATH)/Setup";
			};
			name = Release;
		};
		41D2D8612A3A41CF001EE8E1 /* Debug */ = {
			isa = XCBuildConfiguration;
			buildSettings = {
				ALWAYS_EMBED_SWIFT_STANDARD_LIBRARIES = YES;
				CODE_SIGN_STYLE = Automatic;
				CURRENT_PROJECT_VERSION = 1;
				GENERATE_INFOPLIST_FILE = YES;
				MARKETING_VERSION = 1.0;
				PRODUCT_BUNDLE_IDENTIFIER = Generic.SetupUITests;
				PRODUCT_NAME = "$(TARGET_NAME)";
				SWIFT_EMIT_LOC_STRINGS = NO;
				SWIFT_VERSION = 5.0;
				TARGETED_DEVICE_FAMILY = "1,2";
				TEST_TARGET_NAME = Setup;
			};
			name = Debug;
		};
		41D2D8622A3A41CF001EE8E1 /* Release */ = {
			isa = XCBuildConfiguration;
			buildSettings = {
				ALWAYS_EMBED_SWIFT_STANDARD_LIBRARIES = YES;
				CODE_SIGN_STYLE = Automatic;
				CURRENT_PROJECT_VERSION = 1;
				GENERATE_INFOPLIST_FILE = YES;
				MARKETING_VERSION = 1.0;
				PRODUCT_BUNDLE_IDENTIFIER = Generic.SetupUITests;
				PRODUCT_NAME = "$(TARGET_NAME)";
				SWIFT_EMIT_LOC_STRINGS = NO;
				SWIFT_VERSION = 5.0;
				TARGETED_DEVICE_FAMILY = "1,2";
				TEST_TARGET_NAME = Setup;
			};
			name = Release;
		};
/* End XCBuildConfiguration section */

/* Begin XCConfigurationList section */
		41D2D8312A3A41CE001EE8E1 /* Build configuration list for PBXProject "Setup" */ = {
			isa = XCConfigurationList;
			buildConfigurations = (
				41D2D8582A3A41CF001EE8E1 /* Debug */,
				41D2D8592A3A41CF001EE8E1 /* Release */,
			);
			defaultConfigurationIsVisible = 0;
			defaultConfigurationName = Release;
		};
		41D2D85A2A3A41CF001EE8E1 /* Build configuration list for PBXNativeTarget "Setup" */ = {
			isa = XCConfigurationList;
			buildConfigurations = (
				41D2D85B2A3A41CF001EE8E1 /* Debug */,
				41D2D85C2A3A41CF001EE8E1 /* Release */,
			);
			defaultConfigurationIsVisible = 0;
			defaultConfigurationName = Release;
		};
		41D2D85D2A3A41CF001EE8E1 /* Build configuration list for PBXNativeTarget "SetupTests" */ = {
			isa = XCConfigurationList;
			buildConfigurations = (
				41D2D85E2A3A41CF001EE8E1 /* Debug */,
				41D2D85F2A3A41CF001EE8E1 /* Release */,
			);
			defaultConfigurationIsVisible = 0;
			defaultConfigurationName = Release;
		};
		41D2D8602A3A41CF001EE8E1 /* Build configuration list for PBXNativeTarget "SetupUITests" */ = {
			isa = XCConfigurationList;
			buildConfigurations = (
				41D2D8612A3A41CF001EE8E1 /* Debug */,
				41D2D8622A3A41CF001EE8E1 /* Release */,
			);
			defaultConfigurationIsVisible = 0;
			defaultConfigurationName = Release;
		};
/* End XCConfigurationList section */
	};
	rootObject = 41D2D82E2A3A41CE001EE8E1 /* Project object */;
}
